
Microsoft Visual Studio Solution File, Format Version 12.00
# Visual Studio Version 16
VisualStudioVersion = 16.0.29519.87
MinimumVisualStudioVersion = 10.0.40219.1
Project("{FAE04EC0-301F-11D3-BF4B-00C04F79EFBC}") = "LocationProcessAPI", "LocationProcessAPI\LocationProcessAPI.csproj", "{973B9BBC-1547-49E5-953E-FC4B8A5FDA59}"
EndProject
Global
	GlobalSection(SolutionConfigurationPlatforms) = preSolution
		Debug|Any CPU = Debug|Any CPU
		Release|Any CPU = Release|Any CPU
	EndGlobalSection
	GlobalSection(ProjectConfigurationPlatforms) = postSolution
		{973B9BBC-1547-49E5-953E-FC4B8A5FDA59}.Debug|Any CPU.ActiveCfg = Debug|Any CPU
		{973B9BBC-1547-49E5-953E-FC4B8A5FDA59}.Debug|Any CPU.Build.0 = Debug|Any CPU
		{973B9BBC-1547-49E5-953E-FC4B8A5FDA59}.Release|Any CPU.ActiveCfg = Release|Any CPU
		{973B9BBC-1547-49E5-953E-FC4B8A5FDA59}.Release|Any CPU.Build.0 = Release|Any CPU
	EndGlobalSection
	GlobalSection(SolutionProperties) = preSolution
		HideSolutionNode = FALSE
	EndGlobalSection
	GlobalSection(ExtensibilityGlobals) = postSolution
		SolutionGuid = {231F367B-2227-4FFF-B3C4-F484321F71D0}
	EndGlobalSection
EndGlobal
